{
  "dependencies": {
    "send": {
      "version": "0.1.4",
      "dependencies": {
        "debug": {
          "version": "0.8.0"
        },
        "mime": {
          "version": "1.2.11"
        },
        "fresh": {
          "version": "0.2.0"
        },
        "range-parser": {
          "version": "0.0.4"
        }
      }
    }
  }
}
